
Microsoft Visual Studio Solution File, Format Version 12.00
Project("{FAE04EC0-301F-11D3-BF4B-00C04F79EFBC}") = "CoolNewProject.Api", "CoolNewProject.Api\CoolNewProject.Api.csproj", "{1047EC58-8914-4445-BADD-D238B6032A64}"
EndProject
Project("{FAE04EC0-301F-11D3-BF4B-00C04F79EFBC}") = "CoolNewProject.WebApp", "CoolNewProject.WebApp\CoolNewProject.WebApp.csproj", "{F5A7BF88-FD21-499A-8FE0-6E7B5DB314D5}"
EndProject
Project("{FAE04EC0-301F-11D3-BF4B-00C04F79EFBC}") = "CoolNewProject.Domain", "CoolNewProject.Domain\CoolNewProject.Domain.csproj", "{E2A45D0F-CB06-4375-B7C3-6C89CF3B4EDC}"
EndProject
Project("{FAE04EC0-301F-11D3-BF4B-00C04F79EFBC}") = "CoolNewProject.ServiceDefaults", "CoolNewProject.ServiceDefaults\CoolNewProject.ServiceDefaults.csproj", "{FA99AA4F-EE48-479E-AB81-EA147933F47C}"
EndProject
Project("{FAE04EC0-301F-11D3-BF4B-00C04F79EFBC}") = "CoolNewProject.AppHost", "CoolNewProject.AppHost\CoolNewProject.AppHost.csproj", "{DA67813B-2428-4709-A4C3-0144CE0E4A19}"
EndProject
Global
	GlobalSection(SolutionConfigurationPlatforms) = preSolution
		Debug|Any CPU = Debug|Any CPU
		Release|Any CPU = Release|Any CPU
	EndGlobalSection
	GlobalSection(ProjectConfigurationPlatforms) = postSolution
		{1047EC58-8914-4445-BADD-D238B6032A64}.Debug|Any CPU.ActiveCfg = Debug|Any CPU
		{1047EC58-8914-4445-BADD-D238B6032A64}.Debug|Any CPU.Build.0 = Debug|Any CPU
		{1047EC58-8914-4445-BADD-D238B6032A64}.Release|Any CPU.ActiveCfg = Release|Any CPU
		{1047EC58-8914-4445-BADD-D238B6032A64}.Release|Any CPU.Build.0 = Release|Any CPU
		{F5A7BF88-FD21-499A-8FE0-6E7B5DB314D5}.Debug|Any CPU.ActiveCfg = Debug|Any CPU
		{F5A7BF88-FD21-499A-8FE0-6E7B5DB314D5}.Debug|Any CPU.Build.0 = Debug|Any CPU
		{F5A7BF88-FD21-499A-8FE0-6E7B5DB314D5}.Release|Any CPU.ActiveCfg = Release|Any CPU
		{F5A7BF88-FD21-499A-8FE0-6E7B5DB314D5}.Release|Any CPU.Build.0 = Release|Any CPU
		{E2A45D0F-CB06-4375-B7C3-6C89CF3B4EDC}.Debug|Any CPU.ActiveCfg = Debug|Any CPU
		{E2A45D0F-CB06-4375-B7C3-6C89CF3B4EDC}.Debug|Any CPU.Build.0 = Debug|Any CPU
		{E2A45D0F-CB06-4375-B7C3-6C89CF3B4EDC}.Release|Any CPU.ActiveCfg = Release|Any CPU
		{E2A45D0F-CB06-4375-B7C3-6C89CF3B4EDC}.Release|Any CPU.Build.0 = Release|Any CPU
		{FA99AA4F-EE48-479E-AB81-EA147933F47C}.Debug|Any CPU.ActiveCfg = Debug|Any CPU
		{FA99AA4F-EE48-479E-AB81-EA147933F47C}.Debug|Any CPU.Build.0 = Debug|Any CPU
		{FA99AA4F-EE48-479E-AB81-EA147933F47C}.Release|Any CPU.ActiveCfg = Release|Any CPU
		{FA99AA4F-EE48-479E-AB81-EA147933F47C}.Release|Any CPU.Build.0 = Release|Any CPU
		{DA67813B-2428-4709-A4C3-0144CE0E4A19}.Debug|Any CPU.ActiveCfg = Debug|Any CPU
		{DA67813B-2428-4709-A4C3-0144CE0E4A19}.Debug|Any CPU.Build.0 = Debug|Any CPU
		{DA67813B-2428-4709-A4C3-0144CE0E4A19}.Release|Any CPU.ActiveCfg = Release|Any CPU
		{DA67813B-2428-4709-A4C3-0144CE0E4A19}.Release|Any CPU.Build.0 = Release|Any CPU
	EndGlobalSection
EndGlobal
