
Microsoft Visual Studio Solution File, Format Version 12.00
Project("{FAE04EC0-301F-11D3-BF4B-00C04F79EFBC}") = "CoolNewProject.Web", "CoolNewProject.Web\CoolNewProject.Web.csproj", "{6E017250-0206-407B-806B-4D60B209A363}"
EndProject
Project("{FAE04EC0-301F-11D3-BF4B-00C04F79EFBC}") = "CoolNewProject.Domain", "CoolNewProject.Domain\CoolNewProject.Domain.csproj", "{D56FBC8B-D5A1-423F-8CB5-36B335C25881}"
EndProject
Project("{FAE04EC0-301F-11D3-BF4B-00C04F79EFBC}") = "CoolNewProject.UnitTests", "CoolNewProject.UnitTests\CoolNewProject.UnitTests.csproj", "{269C148B-2070-4AB9-BAAD-E59E09E89E98}"
EndProject
Project("{FAE04EC0-301F-11D3-BF4B-00C04F79EFBC}") = "CoolNewProject.Infrastructure", "CoolNewProject.Infrastructure\CoolNewProject.Infrastructure.csproj", "{F3AACE29-52B8-4532-B0DC-61229CC1207E}"
EndProject
Project("{FAE04EC0-301F-11D3-BF4B-00C04F79EFBC}") = "CoolNewProject.IntegrationTests", "CoolNewProject.IntegrationTests\CoolNewProject.IntegrationTests.csproj", "{076CEE61-5771-4376-B9A5-4CAA1ED560D0}"
EndProject
Global
	GlobalSection(SolutionConfigurationPlatforms) = preSolution
		Debug|Any CPU = Debug|Any CPU
		Release|Any CPU = Release|Any CPU
	EndGlobalSection
	GlobalSection(ProjectConfigurationPlatforms) = postSolution
		{6E017250-0206-407B-806B-4D60B209A363}.Debug|Any CPU.ActiveCfg = Debug|Any CPU
		{6E017250-0206-407B-806B-4D60B209A363}.Debug|Any CPU.Build.0 = Debug|Any CPU
		{6E017250-0206-407B-806B-4D60B209A363}.Release|Any CPU.ActiveCfg = Release|Any CPU
		{6E017250-0206-407B-806B-4D60B209A363}.Release|Any CPU.Build.0 = Release|Any CPU
		{D56FBC8B-D5A1-423F-8CB5-36B335C25881}.Debug|Any CPU.ActiveCfg = Debug|Any CPU
		{D56FBC8B-D5A1-423F-8CB5-36B335C25881}.Debug|Any CPU.Build.0 = Debug|Any CPU
		{D56FBC8B-D5A1-423F-8CB5-36B335C25881}.Release|Any CPU.ActiveCfg = Release|Any CPU
		{D56FBC8B-D5A1-423F-8CB5-36B335C25881}.Release|Any CPU.Build.0 = Release|Any CPU
		{269C148B-2070-4AB9-BAAD-E59E09E89E98}.Debug|Any CPU.ActiveCfg = Debug|Any CPU
		{269C148B-2070-4AB9-BAAD-E59E09E89E98}.Debug|Any CPU.Build.0 = Debug|Any CPU
		{269C148B-2070-4AB9-BAAD-E59E09E89E98}.Release|Any CPU.ActiveCfg = Release|Any CPU
		{269C148B-2070-4AB9-BAAD-E59E09E89E98}.Release|Any CPU.Build.0 = Release|Any CPU
		{F3AACE29-52B8-4532-B0DC-61229CC1207E}.Debug|Any CPU.ActiveCfg = Debug|Any CPU
		{F3AACE29-52B8-4532-B0DC-61229CC1207E}.Debug|Any CPU.Build.0 = Debug|Any CPU
		{F3AACE29-52B8-4532-B0DC-61229CC1207E}.Release|Any CPU.ActiveCfg = Release|Any CPU
		{F3AACE29-52B8-4532-B0DC-61229CC1207E}.Release|Any CPU.Build.0 = Release|Any CPU
		{076CEE61-5771-4376-B9A5-4CAA1ED560D0}.Debug|Any CPU.ActiveCfg = Debug|Any CPU
		{076CEE61-5771-4376-B9A5-4CAA1ED560D0}.Debug|Any CPU.Build.0 = Debug|Any CPU
		{076CEE61-5771-4376-B9A5-4CAA1ED560D0}.Release|Any CPU.ActiveCfg = Release|Any CPU
		{076CEE61-5771-4376-B9A5-4CAA1ED560D0}.Release|Any CPU.Build.0 = Release|Any CPU
	EndGlobalSection
EndGlobal
